
Microsoft Visual Studio Solution File, Format Version 12.00
# Visual Studio Version 17
VisualStudioVersion = 17.0.32014.148
MinimumVisualStudioVersion = 10.0.40219.1
Project("{9A19103F-16F7-4668-BE54-9A1E7A4F7556}") = "TicTacToeConsole", "TicTacToeConsole\TicTacToeConsole.csproj", "{9967A152-3372-4970-BD13-1992605DE6B1}"
EndProject
Project("{9A19103F-16F7-4668-BE54-9A1E7A4F7556}") = "TicTacToeGame", "TicTacToeGame\TicTacToeGame.csproj", "{EDBFCBAF-F8FC-48E6-A4C0-E507C963A02A}"
EndProject
Project("{9A19103F-16F7-4668-BE54-9A1E7A4F7556}") = "StateMachine", "StateMachine\StateMachine.csproj", "{6852A5FF-B9E5-4D70-9671-C2503E86DA72}"
EndProject
Project("{9A19103F-16F7-4668-BE54-9A1E7A4F7556}") = "TicTacToeGameTests", "TicTacToeGameTests\TicTacToeGameTests.csproj", "{F3D4BB86-DB6F-443B-A1C0-4D0BAA1D061C}"
EndProject
Global
	GlobalSection(SolutionConfigurationPlatforms) = preSolution
		Debug|Any CPU = Debug|Any CPU
		Release|Any CPU = Release|Any CPU
	EndGlobalSection
	GlobalSection(ProjectConfigurationPlatforms) = postSolution
		{9967A152-3372-4970-BD13-1992605DE6B1}.Debug|Any CPU.ActiveCfg = Debug|Any CPU
		{9967A152-3372-4970-BD13-1992605DE6B1}.Debug|Any CPU.Build.0 = Debug|Any CPU
		{9967A152-3372-4970-BD13-1992605DE6B1}.Release|Any CPU.ActiveCfg = Release|Any CPU
		{9967A152-3372-4970-BD13-1992605DE6B1}.Release|Any CPU.Build.0 = Release|Any CPU
		{EDBFCBAF-F8FC-48E6-A4C0-E507C963A02A}.Debug|Any CPU.ActiveCfg = Debug|Any CPU
		{EDBFCBAF-F8FC-48E6-A4C0-E507C963A02A}.Debug|Any CPU.Build.0 = Debug|Any CPU
		{EDBFCBAF-F8FC-48E6-A4C0-E507C963A02A}.Release|Any CPU.ActiveCfg = Release|Any CPU
		{EDBFCBAF-F8FC-48E6-A4C0-E507C963A02A}.Release|Any CPU.Build.0 = Release|Any CPU
		{6852A5FF-B9E5-4D70-9671-C2503E86DA72}.Debug|Any CPU.ActiveCfg = Debug|Any CPU
		{6852A5FF-B9E5-4D70-9671-C2503E86DA72}.Debug|Any CPU.Build.0 = Debug|Any CPU
		{6852A5FF-B9E5-4D70-9671-C2503E86DA72}.Release|Any CPU.ActiveCfg = Release|Any CPU
		{6852A5FF-B9E5-4D70-9671-C2503E86DA72}.Release|Any CPU.Build.0 = Release|Any CPU
		{F3D4BB86-DB6F-443B-A1C0-4D0BAA1D061C}.Debug|Any CPU.ActiveCfg = Debug|Any CPU
		{F3D4BB86-DB6F-443B-A1C0-4D0BAA1D061C}.Debug|Any CPU.Build.0 = Debug|Any CPU
		{F3D4BB86-DB6F-443B-A1C0-4D0BAA1D061C}.Release|Any CPU.ActiveCfg = Release|Any CPU
		{F3D4BB86-DB6F-443B-A1C0-4D0BAA1D061C}.Release|Any CPU.Build.0 = Release|Any CPU
	EndGlobalSection
	GlobalSection(SolutionProperties) = preSolution
		HideSolutionNode = FALSE
	EndGlobalSection
	GlobalSection(ExtensibilityGlobals) = postSolution
		SolutionGuid = {13CF313E-10FA-4A12-8E3D-DE96FCD69CD6}
	EndGlobalSection
EndGlobal
